
Microsoft Visual Studio Solution File, Format Version 12.00
# Visual Studio Version 17
VisualStudioVersion = 17.14.36623.8 d17.14
MinimumVisualStudioVersion = 10.0.40219.1
Project("{FAE04EC0-301F-11D3-BF4B-00C04F79EFBC}") = "Test", "Test.csproj", "{907BF016-78CE-4881-95C3-AE2BB26C1A10}"
EndProject
Global
	GlobalSection(SolutionConfigurationPlatforms) = preSolution
		Debug|Any CPU = Debug|Any CPU
		Release|Any CPU = Release|Any CPU
	EndGlobalSection
	GlobalSection(ProjectConfigurationPlatforms) = postSolution
		{907BF016-78CE-4881-95C3-AE2BB26C1A10}.Debug|Any CPU.ActiveCfg = Debug|Any CPU
		{907BF016-78CE-4881-95C3-AE2BB26C1A10}.Debug|Any CPU.Build.0 = Debug|Any CPU
		{907BF016-78CE-4881-95C3-AE2BB26C1A10}.Release|Any CPU.ActiveCfg = Release|Any CPU
		{907BF016-78CE-4881-95C3-AE2BB26C1A10}.Release|Any CPU.Build.0 = Release|Any CPU
	EndGlobalSection
	GlobalSection(SolutionProperties) = preSolution
		HideSolutionNode = FALSE
	EndGlobalSection
	GlobalSection(ExtensibilityGlobals) = postSolution
		SolutionGuid = {54E3E0EB-760B-4B2A-AD3A-7C53FA917950}
	EndGlobalSection
EndGlobal
